
Microsoft Visual Studio Solution File, Format Version 12.00
# Visual Studio Version 17
VisualStudioVersion = 17.10.35122.118
MinimumVisualStudioVersion = 10.0.40219.1
Project("{FAE04EC0-301F-11D3-BF4B-00C04F79EFBC}") = "HastaneOtomasyon", "HastaneOtomasyon.csproj", "{BA3BB3B3-EB4A-4E90-BDEC-20E228769A70}"
EndProject
Global
	GlobalSection(SolutionConfigurationPlatforms) = preSolution
		Debug|Any CPU = Debug|Any CPU
		Release|Any CPU = Release|Any CPU
	EndGlobalSection
	GlobalSection(ProjectConfigurationPlatforms) = postSolution
		{BA3BB3B3-EB4A-4E90-BDEC-20E228769A70}.Debug|Any CPU.ActiveCfg = Debug|Any CPU
		{BA3BB3B3-EB4A-4E90-BDEC-20E228769A70}.Debug|Any CPU.Build.0 = Debug|Any CPU
		{BA3BB3B3-EB4A-4E90-BDEC-20E228769A70}.Release|Any CPU.ActiveCfg = Release|Any CPU
		{BA3BB3B3-EB4A-4E90-BDEC-20E228769A70}.Release|Any CPU.Build.0 = Release|Any CPU
	EndGlobalSection
	GlobalSection(SolutionProperties) = preSolution
		HideSolutionNode = FALSE
	EndGlobalSection
	GlobalSection(ExtensibilityGlobals) = postSolution
		SolutionGuid = {C4CA9ADD-F10B-4A03-8F4F-99DABD5A7BA1}
	EndGlobalSection
EndGlobal
